{
  "nodes": {
    "cue-pkg": {
      "inputs": {
        "flake-utils": "flake-utils_3",
        "nixpkgs": "nixpkgs_2"
      },
      "locked": {
        "dir": "cue",
        "lastModified": 1667882176,
        "narHash": "sha256-3tfJ0JlYZxXSpWw3VtjWr5V5L0Jsk8iAV+ejarUSSvs=",
        "owner": "defn",
        "repo": "pkg",
        "rev": "fd531c5b5098993967c53a73539b0793e7614b82",
        "type": "github"
      },
      "original": {
        "dir": "cue",
        "owner": "defn",
        "ref": "v0.0.2",
        "repo": "pkg",
        "type": "github"
      }
    },
    "dev": {
      "inputs": {
        "wrapper": "wrapper"
      },
      "locked": {
        "dir": "dev",
        "lastModified": 1668308162,
        "narHash": "sha256-zjjcXJDVY/ltccN9Fm9A2QoUUlPXSVIdA08u0MfMOG4=",
        "owner": "defn",
        "repo": "pkg",
        "rev": "c0f62e4fcd428eaed5f7bc727374d5c70afadaa9",
        "type": "github"
      },
      "original": {
        "dir": "dev",
        "owner": "defn",
        "ref": "v0.0.53",
        "repo": "pkg",
        "type": "github"
      }
    },
    "earthly": {
      "inputs": {
        "flake-utils": "flake-utils_2",
        "home": "home",
        "nixpkgs": "nixpkgs_5"
      },
      "locked": {
        "dir": "earthly",
        "lastModified": 1668301689,
        "narHash": "sha256-kxXPtJKyE+Whe1QwAT+B8XNpfAYvnYwhuZVaLMsp5BI=",
        "owner": "defn",
        "repo": "pkg",
        "rev": "aabaa7b4e42d855d3e1187fc1e2e10d3c08b443f",
        "type": "github"
      },
      "original": {
        "dir": "earthly",
        "owner": "defn",
        "ref": "v0.0.47",
        "repo": "pkg",
        "type": "github"
      }
    },
    "flake-utils": {
      "locked": {
        "lastModified": 1667395993,
        "narHash": "sha256-nuEHfE/LcWyuSWnS8t12N1wc105Qtau+/OdUAjtQ0rA=",
        "owner": "numtide",
        "repo": "flake-utils",
        "rev": "5aed5285a952e0b949eb3ba02c12fa4fcfef535f",
        "type": "github"
      },
      "original": {
        "owner": "numtide",
        "repo": "flake-utils",
        "type": "github"
      }
    },
    "flake-utils_2": {
      "locked": {
        "lastModified": 1667395993,
        "narHash": "sha256-nuEHfE/LcWyuSWnS8t12N1wc105Qtau+/OdUAjtQ0rA=",
        "owner": "numtide",
        "repo": "flake-utils",
        "rev": "5aed5285a952e0b949eb3ba02c12fa4fcfef535f",
        "type": "github"
      },
      "original": {
        "owner": "numtide",
        "repo": "flake-utils",
        "type": "github"
      }
    },
    "flake-utils_3": {
      "locked": {
        "lastModified": 1667395993,
        "narHash": "sha256-nuEHfE/LcWyuSWnS8t12N1wc105Qtau+/OdUAjtQ0rA=",
        "owner": "numtide",
        "repo": "flake-utils",
        "rev": "5aed5285a952e0b949eb3ba02c12fa4fcfef535f",
        "type": "github"
      },
      "original": {
        "owner": "numtide",
        "repo": "flake-utils",
        "type": "github"
      }
    },
    "flake-utils_4": {
      "locked": {
        "lastModified": 1667395993,
        "narHash": "sha256-nuEHfE/LcWyuSWnS8t12N1wc105Qtau+/OdUAjtQ0rA=",
        "owner": "numtide",
        "repo": "flake-utils",
        "rev": "5aed5285a952e0b949eb3ba02c12fa4fcfef535f",
        "type": "github"
      },
      "original": {
        "owner": "numtide",
        "repo": "flake-utils",
        "type": "github"
      }
    },
    "flake-utils_5": {
      "locked": {
        "lastModified": 1667395993,
        "narHash": "sha256-nuEHfE/LcWyuSWnS8t12N1wc105Qtau+/OdUAjtQ0rA=",
        "owner": "numtide",
        "repo": "flake-utils",
        "rev": "5aed5285a952e0b949eb3ba02c12fa4fcfef535f",
        "type": "github"
      },
      "original": {
        "owner": "numtide",
        "repo": "flake-utils",
        "type": "github"
      }
    },
    "flake-utils_6": {
      "locked": {
        "lastModified": 1667395993,
        "narHash": "sha256-nuEHfE/LcWyuSWnS8t12N1wc105Qtau+/OdUAjtQ0rA=",
        "owner": "numtide",
        "repo": "flake-utils",
        "rev": "5aed5285a952e0b949eb3ba02c12fa4fcfef535f",
        "type": "github"
      },
      "original": {
        "owner": "numtide",
        "repo": "flake-utils",
        "type": "github"
      }
    },
    "flake-utils_7": {
      "locked": {
        "lastModified": 1667395993,
        "narHash": "sha256-nuEHfE/LcWyuSWnS8t12N1wc105Qtau+/OdUAjtQ0rA=",
        "owner": "numtide",
        "repo": "flake-utils",
        "rev": "5aed5285a952e0b949eb3ba02c12fa4fcfef535f",
        "type": "github"
      },
      "original": {
        "owner": "numtide",
        "repo": "flake-utils",
        "type": "github"
      }
    },
    "home": {
      "inputs": {
        "cue-pkg": "cue-pkg",
        "flake-utils": "flake-utils_4",
        "nixpkgs": "nixpkgs_3",
        "tilt-pkg": "tilt-pkg"
      },
      "locked": {
        "dir": "dev",
        "lastModified": 1667973726,
        "narHash": "sha256-0w2+yyiFcyK1rBotFxMLI0psP8Nyn3yUE5MzzCYhtEU=",
        "owner": "defn",
        "repo": "dev",
        "rev": "0aa604a14a03b71e505803785ede6b5dd6dba441",
        "type": "github"
      },
      "original": {
        "dir": "dev",
        "owner": "defn",
        "ref": "v0.0.2",
        "repo": "dev",
        "type": "github"
      }
    },
    "latest": {
      "locked": {
        "lastModified": 1668086072,
        "narHash": "sha256-msFoXI5ThCmhTTqgl27hpCXWhaeqxphBaleJAgD8JYM=",
        "owner": "NixOS",
        "repo": "nixpkgs",
        "rev": "72d8853228c9758820c39b8659415b6d89279493",
        "type": "github"
      },
      "original": {
        "owner": "NixOS",
        "ref": "nixpkgs-unstable",
        "repo": "nixpkgs",
        "type": "github"
      }
    },
    "nixpkgs": {
      "locked": {
        "lastModified": 1653936696,
        "narHash": "sha256-M6bJShji9AIDZ7Kh7CPwPBPb/T7RiVev2PAcOi4fxDQ=",
        "owner": "NixOS",
        "repo": "nixpkgs",
        "rev": "ce6aa13369b667ac2542593170993504932eb836",
        "type": "github"
      },
      "original": {
        "owner": "NixOS",
        "ref": "22.05",
        "repo": "nixpkgs",
        "type": "github"
      }
    },
    "nixpkgs_2": {
      "locked": {
        "lastModified": 1653936696,
        "narHash": "sha256-M6bJShji9AIDZ7Kh7CPwPBPb/T7RiVev2PAcOi4fxDQ=",
        "owner": "NixOS",
        "repo": "nixpkgs",
        "rev": "ce6aa13369b667ac2542593170993504932eb836",
        "type": "github"
      },
      "original": {
        "owner": "NixOS",
        "ref": "22.05",
        "repo": "nixpkgs",
        "type": "github"
      }
    },
    "nixpkgs_3": {
      "locked": {
        "lastModified": 1667939680,
        "narHash": "sha256-nu3zSaTsdhjSs0F8WTzFBlJ9Q2tNaw7A1EIPRhniqnw=",
        "owner": "NixOS",
        "repo": "nixpkgs",
        "rev": "9f1f990aee8ca8bc847bf41feabe0d91d8a59dc4",
        "type": "github"
      },
      "original": {
        "owner": "NixOS",
        "ref": "nixpkgs-unstable",
        "repo": "nixpkgs",
        "type": "github"
      }
    },
    "nixpkgs_4": {
      "locked": {
        "lastModified": 1653936696,
        "narHash": "sha256-M6bJShji9AIDZ7Kh7CPwPBPb/T7RiVev2PAcOi4fxDQ=",
        "owner": "NixOS",
        "repo": "nixpkgs",
        "rev": "ce6aa13369b667ac2542593170993504932eb836",
        "type": "github"
      },
      "original": {
        "owner": "NixOS",
        "ref": "22.05",
        "repo": "nixpkgs",
        "type": "github"
      }
    },
    "nixpkgs_5": {
      "locked": {
        "lastModified": 1653936696,
        "narHash": "sha256-M6bJShji9AIDZ7Kh7CPwPBPb/T7RiVev2PAcOi4fxDQ=",
        "owner": "NixOS",
        "repo": "nixpkgs",
        "rev": "ce6aa13369b667ac2542593170993504932eb836",
        "type": "github"
      },
      "original": {
        "owner": "NixOS",
        "ref": "22.05",
        "repo": "nixpkgs",
        "type": "github"
      }
    },
    "nixpkgs_6": {
      "locked": {
        "lastModified": 1653936696,
        "narHash": "sha256-M6bJShji9AIDZ7Kh7CPwPBPb/T7RiVev2PAcOi4fxDQ=",
        "owner": "NixOS",
        "repo": "nixpkgs",
        "rev": "ce6aa13369b667ac2542593170993504932eb836",
        "type": "github"
      },
      "original": {
        "owner": "NixOS",
        "ref": "22.05",
        "repo": "nixpkgs",
        "type": "github"
      }
    },
    "nixpkgs_7": {
      "locked": {
        "lastModified": 1653936696,
        "narHash": "sha256-M6bJShji9AIDZ7Kh7CPwPBPb/T7RiVev2PAcOi4fxDQ=",
        "owner": "NixOS",
        "repo": "nixpkgs",
        "rev": "ce6aa13369b667ac2542593170993504932eb836",
        "type": "github"
      },
      "original": {
        "owner": "NixOS",
        "ref": "22.05",
        "repo": "nixpkgs",
        "type": "github"
      }
    },
    "root": {
      "inputs": {
        "dev": "dev",
        "earthly": "earthly",
        "latest": "latest",
        "temporalite": "temporalite",
        "tilt": "tilt"
      }
    },
    "temporalite": {
      "inputs": {
        "flake-utils": "flake-utils_6",
        "nixpkgs": "nixpkgs_6"
      },
      "locked": {
        "dir": "temporalite",
        "lastModified": 1668301689,
        "narHash": "sha256-kxXPtJKyE+Whe1QwAT+B8XNpfAYvnYwhuZVaLMsp5BI=",
        "owner": "defn",
        "repo": "pkg",
        "rev": "aabaa7b4e42d855d3e1187fc1e2e10d3c08b443f",
        "type": "github"
      },
      "original": {
        "dir": "temporalite",
        "owner": "defn",
        "ref": "v0.0.47",
        "repo": "pkg",
        "type": "github"
      }
    },
    "tilt": {
      "inputs": {
        "flake-utils": "flake-utils_7",
        "nixpkgs": "nixpkgs_7"
      },
      "locked": {
        "dir": "tilt",
        "lastModified": 1668301689,
        "narHash": "sha256-kxXPtJKyE+Whe1QwAT+B8XNpfAYvnYwhuZVaLMsp5BI=",
        "owner": "defn",
        "repo": "pkg",
        "rev": "aabaa7b4e42d855d3e1187fc1e2e10d3c08b443f",
        "type": "github"
      },
      "original": {
        "dir": "tilt",
        "owner": "defn",
        "ref": "v0.0.47",
        "repo": "pkg",
        "type": "github"
      }
    },
    "tilt-pkg": {
      "inputs": {
        "flake-utils": "flake-utils_5",
        "nixpkgs": "nixpkgs_4"
      },
      "locked": {
        "dir": "tilt",
        "lastModified": 1667956668,
        "narHash": "sha256-caJPSl//yBdAD55ZODnruFSq4bghDTfirmrSCSqiV2M=",
        "owner": "defn",
        "repo": "pkg",
        "rev": "03416cfa4c95ff38920362769785d11b7254fee0",
        "type": "github"
      },
      "original": {
        "dir": "tilt",
        "owner": "defn",
        "ref": "v0.0.4",
        "repo": "pkg",
        "type": "github"
      }
    },
    "wrapper": {
      "inputs": {
        "flake-utils": "flake-utils",
        "nixpkgs": "nixpkgs"
      },
      "locked": {
        "dir": "wrapper",
        "lastModified": 1668304826,
        "narHash": "sha256-XKukieySGPjnyoN5NokgSLKO5fwYs55OIycM/UNatPI=",
        "owner": "defn",
        "repo": "pkg",
        "rev": "fb303bb0c82918ecfbafc59e7763a58f29425bf0",
        "type": "github"
      },
      "original": {
        "dir": "wrapper",
        "owner": "defn",
        "ref": "v0.0.49",
        "repo": "pkg",
        "type": "github"
      }
    }
  },
  "root": "root",
  "version": 7
}
