[[package]]
name = "amanibhavam"
version = "0.1.19"
description = ""
category = "main"
optional = false
python-versions = ">=3.8,<4.0"

[package.dependencies]
cdktf = ">=0.10.4,<0.11.0"
cdktf-cdktf-provider-aws = ">=7.0.55,<8.0.0"
cdktf-cdktf-provider-digitalocean = ">=0.0.40,<0.0.41"
cdktf-cdktf-provider-github = ">=0.7.62,<0.8.0"
cdktf-cdktf-provider-null = ">=0.6.55,<0.7.0"
cdktf-cdktf-provider-tfe = ">=0.2.58,<0.3.0"
defn-cdktf-provider-boundary = ">=0.4.0,<0.5.0"
defn-cdktf-provider-buildkite = ">=0.4.0,<0.5.0"
defn-cdktf-provider-cloudflare = ">=0.4.0,<0.5.0"
defn-cdktf-provider-vault = ">=0.4.0,<0.5.0"

[[package]]
name = "attrs"
version = "21.4.0"
description = "Classes Without Boilerplate"
category = "main"
optional = false
python-versions = ">=2.7, !=3.0.*, !=3.1.*, !=3.2.*, !=3.3.*, !=3.4.*"

[package.extras]
dev = ["coverage[toml] (>=5.0.2)", "hypothesis", "pympler", "pytest (>=4.3.0)", "six", "mypy", "pytest-mypy-plugins", "zope.interface", "furo", "sphinx", "sphinx-notfound-page", "pre-commit", "cloudpickle"]
docs = ["furo", "sphinx", "zope.interface", "sphinx-notfound-page"]
tests = ["coverage[toml] (>=5.0.2)", "hypothesis", "pympler", "pytest (>=4.3.0)", "six", "mypy", "pytest-mypy-plugins", "zope.interface", "cloudpickle"]
tests_no_zope = ["coverage[toml] (>=5.0.2)", "hypothesis", "pympler", "pytest (>=4.3.0)", "six", "mypy", "pytest-mypy-plugins", "cloudpickle"]

[[package]]
name = "cattrs"
version = "22.1.0"
description = "Composable complex class support for attrs and dataclasses."
category = "main"
optional = false
python-versions = ">=3.7,<4.0"

[package.dependencies]
attrs = ">=20"
exceptiongroup = {version = "*", markers = "python_version <= \"3.10\""}

[[package]]
name = "cdktf"
version = "0.10.4"
description = "Cloud Development Kit for Terraform"
category = "main"
optional = false
python-versions = ">=3.6"

[package.dependencies]
constructs = ">=10.0.25,<11.0.0"
jsii = ">=1.55.1,<2.0.0"
publication = ">=0.0.3"

[[package]]
name = "cdktf-cdktf-provider-aws"
version = "7.0.62"
description = "Prebuilt aws Provider for Terraform CDK (cdktf)"
category = "main"
optional = false
python-versions = "~=3.7"

[package.dependencies]
cdktf = ">=0.10.3,<0.11.0"
constructs = ">=10.0.0,<11.0.0"
jsii = ">=1.59.0,<2.0.0"
publication = ">=0.0.3"

[[package]]
name = "cdktf-cdktf-provider-digitalocean"
version = "0.0.40"
description = "Prebuilt digitalocean Provider for Terraform CDK (cdktf)"
category = "main"
optional = false
python-versions = "~=3.7"

[package.dependencies]
cdktf = ">=0.10.3,<0.11.0"
constructs = ">=10.0.0,<11.0.0"
jsii = ">=1.59.0,<2.0.0"
publication = ">=0.0.3"

[[package]]
name = "cdktf-cdktf-provider-github"
version = "0.7.65"
description = "Prebuilt github Provider for Terraform CDK (cdktf)"
category = "main"
optional = false
python-versions = "~=3.7"

[package.dependencies]
cdktf = ">=0.10.3,<0.11.0"
constructs = ">=10.0.0,<11.0.0"
jsii = ">=1.59.0,<2.0.0"
publication = ">=0.0.3"

[[package]]
name = "cdktf-cdktf-provider-null"
version = "0.6.61"
description = "Prebuilt null Provider for Terraform CDK (cdktf)"
category = "main"
optional = false
python-versions = "~=3.7"

[package.dependencies]
cdktf = ">=0.10.3,<0.11.0"
constructs = ">=10.0.0,<11.0.0"
jsii = ">=1.59.0,<2.0.0"
publication = ">=0.0.3"

[[package]]
name = "cdktf-cdktf-provider-tfe"
version = "0.2.60"
description = "Prebuilt tfe Provider for Terraform CDK (cdktf)"
category = "main"
optional = false
python-versions = "~=3.7"

[package.dependencies]
cdktf = ">=0.10.3,<0.11.0"
constructs = ">=10.0.0,<11.0.0"
jsii = ">=1.59.0,<2.0.0"
publication = ">=0.0.3"

[[package]]
name = "constructs"
version = "10.1.13"
description = "A programming model for software-defined state"
category = "main"
optional = false
python-versions = "~=3.7"

[package.dependencies]
jsii = ">=1.59.0,<2.0.0"
publication = ">=0.0.3"

[[package]]
name = "defn-cdktf-provider-boundary"
version = "0.4.0"
description = ""
category = "main"
optional = false
python-versions = ">=3.8,<4.0"

[package.dependencies]
cdktf = ">=0.10.4,<0.11.0"

[[package]]
name = "defn-cdktf-provider-buildkite"
version = "0.4.0"
description = ""
category = "main"
optional = false
python-versions = ">=3.8,<4.0"

[package.dependencies]
cdktf = ">=0.10.4,<0.11.0"

[[package]]
name = "defn-cdktf-provider-cloudflare"
version = "0.4.0"
description = ""
category = "main"
optional = false
python-versions = ">=3.8,<4.0"

[package.dependencies]
cdktf = ">=0.10.4,<0.11.0"

[[package]]
name = "defn-cdktf-provider-vault"
version = "0.4.0"
description = ""
category = "main"
optional = false
python-versions = ">=3.8,<4.0"

[package.dependencies]
cdktf = ">=0.10.4,<0.11.0"

[[package]]
name = "exceptiongroup"
version = "1.0.0rc7"
description = "Backport of PEP 654 (exception groups)"
category = "main"
optional = false
python-versions = ">=3.7"

[package.extras]
test = ["pytest (>=6)"]

[[package]]
name = "jsii"
version = "1.59.0"
description = "Python client for jsii runtime"
category = "main"
optional = false
python-versions = "~=3.7"

[package.dependencies]
attrs = ">=21.2,<22.0"
cattrs = ">=1.8,<22.2"
python-dateutil = "*"
typing-extensions = ">=3.7,<5.0"

[[package]]
name = "publication"
version = "0.0.3"
description = "Publication helps you maintain public-api-friendly modules by preventing unintentional access to private implementation details via introspection."
category = "main"
optional = false
python-versions = "*"

[[package]]
name = "python-dateutil"
version = "2.8.2"
description = "Extensions to the standard Python datetime module"
category = "main"
optional = false
python-versions = "!=3.0.*,!=3.1.*,!=3.2.*,>=2.7"

[package.dependencies]
six = ">=1.5"

[[package]]
name = "six"
version = "1.16.0"
description = "Python 2 and 3 compatibility utilities"
category = "main"
optional = false
python-versions = ">=2.7, !=3.0.*, !=3.1.*, !=3.2.*"

[[package]]
name = "typing-extensions"
version = "4.2.0"
description = "Backported and Experimental Type Hints for Python 3.7+"
category = "main"
optional = false
python-versions = ">=3.7"

[metadata]
lock-version = "1.1"
python-versions = "^3.8"
content-hash = "01c64e127267c8dfe0e764812b0b7f5985e0b7325ff0bd852845318605506e36"

[metadata.files]
amanibhavam = [
    {file = "amanibhavam-0.1.19-py3-none-any.whl", hash = "sha256:5069ddfdab49e34a03fdad579d263c2af665c7b379f2248e882658b1c3460d89"},
    {file = "amanibhavam-0.1.19.tar.gz", hash = "sha256:45c05f69c69eaf282977c3b27d7eca13bd7d826d20fa369aabe9d8c384017799"},
]
attrs = [
    {file = "attrs-21.4.0-py2.py3-none-any.whl", hash = "sha256:2d27e3784d7a565d36ab851fe94887c5eccd6a463168875832a1be79c82828b4"},
    {file = "attrs-21.4.0.tar.gz", hash = "sha256:626ba8234211db98e869df76230a137c4c40a12d72445c45d5f5b716f076e2fd"},
]
cattrs = [
    {file = "cattrs-22.1.0-py3-none-any.whl", hash = "sha256:d55c477b4672f93606e992049f15d526dc7867e6c756cd6256d4af92e2b1e364"},
    {file = "cattrs-22.1.0.tar.gz", hash = "sha256:94b67b64cf92c994f8784c40c082177dc916e0489a73a9a36b24eb18a9db40c6"},
]
cdktf = [
    {file = "cdktf-0.10.4-py3-none-any.whl", hash = "sha256:cb936b3901097ef4895efc0c2a537ca89316848e6cfe63d9a801e58639c69507"},
    {file = "cdktf-0.10.4.tar.gz", hash = "sha256:044eeececeac0cc4682275e54b6056a514480e0769e4dddad885102b3114f4eb"},
]
cdktf-cdktf-provider-aws = [
    {file = "cdktf-cdktf-provider-aws-7.0.62.tar.gz", hash = "sha256:d00638bf820219ecfe09a93b802657a9bd94e510994bed58be8cab644862d741"},
    {file = "cdktf_cdktf_provider_aws-7.0.62-py3-none-any.whl", hash = "sha256:b9318c076959f5990752405b691837b2632abc9b7d2b24565da08dd2908d8ac2"},
]
cdktf-cdktf-provider-digitalocean = [
    {file = "cdktf-cdktf-provider-digitalocean-0.0.40.tar.gz", hash = "sha256:3ae689bd21abfec23a05318b5c4b2b3b98daa3bf508b1eaeef6278cda0494f00"},
    {file = "cdktf_cdktf_provider_digitalocean-0.0.40-py3-none-any.whl", hash = "sha256:f1b902d2f0229fb634c8fd300338160ab8f82eb80ffd3420468c2cc94ec26374"},
]
cdktf-cdktf-provider-github = [
    {file = "cdktf-cdktf-provider-github-0.7.65.tar.gz", hash = "sha256:53a9e1c7912ad322a46abf24b8b79203242b3fcdb81de93622f5bc15d87b4297"},
    {file = "cdktf_cdktf_provider_github-0.7.65-py3-none-any.whl", hash = "sha256:6d44c4e8b506ef5a54c5d96e9ee206d8c9b53deafcf0e394d753d935460b19c8"},
]
cdktf-cdktf-provider-null = [
    {file = "cdktf-cdktf-provider-null-0.6.61.tar.gz", hash = "sha256:20bea8234510d1f84c5155c460c843e932f732bff3ce093177884d3b2a96bbed"},
    {file = "cdktf_cdktf_provider_null-0.6.61-py3-none-any.whl", hash = "sha256:d675a440d19218c439cafdb8891039f7731e201530dbc2ecf7cbaa5eb8a63c20"},
]
cdktf-cdktf-provider-tfe = [
    {file = "cdktf-cdktf-provider-tfe-0.2.60.tar.gz", hash = "sha256:27d8a2c37573e0cbf81394aa783a184e7758379b3cff6c265b32e0dcf2b6f0ff"},
    {file = "cdktf_cdktf_provider_tfe-0.2.60-py3-none-any.whl", hash = "sha256:b36566e88cbe59d6234d3ad94db225c257ebce6965c4e7f877715b2bf178d4e4"},
]
constructs = [
    {file = "constructs-10.1.13-py3-none-any.whl", hash = "sha256:7906e3eea19f1d7be9fd629812076458f271d863bfdd37bbbb84dacde2bfe1c0"},
    {file = "constructs-10.1.13.tar.gz", hash = "sha256:f81bbf61694d61c991dca8884437afc13541f66f3a1a156a17648fe3b05fb3d6"},
]
defn-cdktf-provider-boundary = [
    {file = "defn-cdktf-provider-boundary-0.4.0.tar.gz", hash = "sha256:b772b6d6cd01ef2dbef9d90df54bd1a592c549c359a54c582bc0195621718375"},
    {file = "defn_cdktf_provider_boundary-0.4.0-py3-none-any.whl", hash = "sha256:14b15fb0decf9de6b37cea219f2c77233b57d3bdab53f8b511f5827e742a85de"},
]
defn-cdktf-provider-buildkite = [
    {file = "defn-cdktf-provider-buildkite-0.4.0.tar.gz", hash = "sha256:3e834cae21f12fbc6f6ef73ba6757a4a37708e94f10cbb47d04c24261d270fe6"},
    {file = "defn_cdktf_provider_buildkite-0.4.0-py3-none-any.whl", hash = "sha256:0085b7eb68b8ccf6d8a13b47ff9258bd3d36c24fb0ad7dfe9765557646a24ca2"},
]
defn-cdktf-provider-cloudflare = [
    {file = "defn-cdktf-provider-cloudflare-0.4.0.tar.gz", hash = "sha256:fc59f8ac6549ae4e7368d7e56bfbae7d26e5885a004f9fa7d4997eb6db97450e"},
    {file = "defn_cdktf_provider_cloudflare-0.4.0-py3-none-any.whl", hash = "sha256:005ab315587486477596463af1590ac5607649bd9ae3ee3b71b0fe7e76b25778"},
]
defn-cdktf-provider-vault = [
    {file = "defn-cdktf-provider-vault-0.4.0.tar.gz", hash = "sha256:dfaa205247f73417aa5ca920dee965aa92b98719700f5c147f98c60bb7363948"},
    {file = "defn_cdktf_provider_vault-0.4.0-py3-none-any.whl", hash = "sha256:9209fc4e396599c8cc82aefad6cf143ec3b378a09d770f981c3ea1cb8915fad7"},
]
exceptiongroup = [
    {file = "exceptiongroup-1.0.0rc7-py3-none-any.whl", hash = "sha256:82dc1cfc21bb5f921a25925e80ec696c71b7d108c6c63bd8a786abe2b73c3263"},
    {file = "exceptiongroup-1.0.0rc7.tar.gz", hash = "sha256:2019e6e9d6ef84ff65c5c7c451b75802c662d53bcb124abf47ad118d39f9a1ca"},
]
jsii = [
    {file = "jsii-1.59.0-py3-none-any.whl", hash = "sha256:6a9f587cdc1b03129375f9faed876d864383d2b341471c1296a0040622fe938a"},
    {file = "jsii-1.59.0.tar.gz", hash = "sha256:d7ea32e1d6c8aa597be7ecf10eb0e05355db60e6ca986f82dab3fb5aa52d914f"},
]
publication = [
    {file = "publication-0.0.3-py2.py3-none-any.whl", hash = "sha256:0248885351febc11d8a1098d5c8e3ab2dabcf3e8c0c96db1e17ecd12b53afbe6"},
    {file = "publication-0.0.3.tar.gz", hash = "sha256:68416a0de76dddcdd2930d1c8ef853a743cc96c82416c4e4d3b5d901c6276dc4"},
]
python-dateutil = [
    {file = "python-dateutil-2.8.2.tar.gz", hash = "sha256:0123cacc1627ae19ddf3c27a5de5bd67ee4586fbdd6440d9748f8abb483d3e86"},
    {file = "python_dateutil-2.8.2-py2.py3-none-any.whl", hash = "sha256:961d03dc3453ebbc59dbdea9e4e11c5651520a876d0f4db161e8674aae935da9"},
]
six = [
    {file = "six-1.16.0-py2.py3-none-any.whl", hash = "sha256:8abb2f1d86890a2dfb989f9a77cfcfd3e47c2a354b01111771326f8aa26e0254"},
    {file = "six-1.16.0.tar.gz", hash = "sha256:1e61c37477a1626458e36f7b1d82aa5c9b094fa4802892072e49de9c60c4c926"},
]
typing-extensions = [
    {file = "typing_extensions-4.2.0-py3-none-any.whl", hash = "sha256:6657594ee297170d19f67d55c05852a874e7eb634f4f753dbd667855e07c1708"},
    {file = "typing_extensions-4.2.0.tar.gz", hash = "sha256:f1c24655a0da0d1b67f07e17a5e6b2a105894e6824b92096378bb3668ef02376"},
]
