[[package]]
name = "amanibhavam"
version = "0.1.11"
description = ""
category = "main"
optional = false
python-versions = ">=3.8,<4.0"

[package.dependencies]
cdktf = ">=0.10.4,<0.11.0"
cdktf-cdktf-provider-aws = ">=7.0.55,<8.0.0"
cdktf-cdktf-provider-digitalocean = ">=0.0.40,<0.0.41"
cdktf-cdktf-provider-null = ">=0.6.55,<0.7.0"

[[package]]
name = "attrs"
version = "21.4.0"
description = "Classes Without Boilerplate"
category = "main"
optional = false
python-versions = ">=2.7, !=3.0.*, !=3.1.*, !=3.2.*, !=3.3.*, !=3.4.*"

[package.extras]
dev = ["coverage[toml] (>=5.0.2)", "hypothesis", "pympler", "pytest (>=4.3.0)", "six", "mypy", "pytest-mypy-plugins", "zope.interface", "furo", "sphinx", "sphinx-notfound-page", "pre-commit", "cloudpickle"]
docs = ["furo", "sphinx", "zope.interface", "sphinx-notfound-page"]
tests = ["coverage[toml] (>=5.0.2)", "hypothesis", "pympler", "pytest (>=4.3.0)", "six", "mypy", "pytest-mypy-plugins", "zope.interface", "cloudpickle"]
tests_no_zope = ["coverage[toml] (>=5.0.2)", "hypothesis", "pympler", "pytest (>=4.3.0)", "six", "mypy", "pytest-mypy-plugins", "cloudpickle"]

[[package]]
name = "cattrs"
version = "22.1.0"
description = "Composable complex class support for attrs and dataclasses."
category = "main"
optional = false
python-versions = ">=3.7,<4.0"

[package.dependencies]
attrs = ">=20"
exceptiongroup = {version = "*", markers = "python_version <= \"3.10\""}

[[package]]
name = "cdktf"
version = "0.10.4"
description = "Cloud Development Kit for Terraform"
category = "main"
optional = false
python-versions = ">=3.6"

[package.dependencies]
constructs = ">=10.0.25,<11.0.0"
jsii = ">=1.55.1,<2.0.0"
publication = ">=0.0.3"

[[package]]
name = "cdktf-cdktf-provider-aws"
version = "7.0.56"
description = "Prebuilt aws Provider for Terraform CDK (cdktf)"
category = "main"
optional = false
python-versions = "~=3.7"

[package.dependencies]
cdktf = ">=0.10.3,<0.11.0"
constructs = ">=10.0.0,<11.0.0"
jsii = ">=1.58.0,<2.0.0"
publication = ">=0.0.3"

[[package]]
name = "cdktf-cdktf-provider-digitalocean"
version = "0.0.40"
description = "Prebuilt digitalocean Provider for Terraform CDK (cdktf)"
category = "main"
optional = false
python-versions = "~=3.7"

[package.dependencies]
cdktf = ">=0.10.3,<0.11.0"
constructs = ">=10.0.0,<11.0.0"
jsii = ">=1.59.0,<2.0.0"
publication = ">=0.0.3"

[[package]]
name = "cdktf-cdktf-provider-null"
version = "0.6.55"
description = "Prebuilt null Provider for Terraform CDK (cdktf)"
category = "main"
optional = false
python-versions = "~=3.7"

[package.dependencies]
cdktf = ">=0.10.3,<0.11.0"
constructs = ">=10.0.0,<11.0.0"
jsii = ">=1.59.0,<2.0.0"
publication = ">=0.0.3"

[[package]]
name = "constructs"
version = "10.1.9"
description = "A programming model for software-defined state"
category = "main"
optional = false
python-versions = "~=3.7"

[package.dependencies]
jsii = ">=1.58.0,<2.0.0"
publication = ">=0.0.3"

[[package]]
name = "exceptiongroup"
version = "1.0.0rc5"
description = "Backport of PEP 654 (exception groups)"
category = "main"
optional = false
python-versions = ">=3.7"

[package.extras]
test = ["pytest (>=6)"]

[[package]]
name = "jsii"
version = "1.59.0"
description = "Python client for jsii runtime"
category = "main"
optional = false
python-versions = "~=3.7"

[package.dependencies]
attrs = ">=21.2,<22.0"
cattrs = ">=1.8,<22.2"
python-dateutil = "*"
typing-extensions = ">=3.7,<5.0"

[[package]]
name = "publication"
version = "0.0.3"
description = "Publication helps you maintain public-api-friendly modules by preventing unintentional access to private implementation details via introspection."
category = "main"
optional = false
python-versions = "*"

[[package]]
name = "python-dateutil"
version = "2.8.2"
description = "Extensions to the standard Python datetime module"
category = "main"
optional = false
python-versions = "!=3.0.*,!=3.1.*,!=3.2.*,>=2.7"

[package.dependencies]
six = ">=1.5"

[[package]]
name = "six"
version = "1.16.0"
description = "Python 2 and 3 compatibility utilities"
category = "main"
optional = false
python-versions = ">=2.7, !=3.0.*, !=3.1.*, !=3.2.*"

[[package]]
name = "typing-extensions"
version = "4.2.0"
description = "Backported and Experimental Type Hints for Python 3.7+"
category = "main"
optional = false
python-versions = ">=3.7"

[metadata]
lock-version = "1.1"
python-versions = "^3.8"
content-hash = "b3622053c571707f1fc3173555d9d25d976b96bee730382a112e724eb3afb6ae"

[metadata.files]
amanibhavam = [
    {file = "amanibhavam-0.1.11-py3-none-any.whl", hash = "sha256:20ec7987f6eae99cef547f22f18c0ab96fcbba3220d9e2030f201aa59fbcf127"},
]
attrs = [
    {file = "attrs-21.4.0-py2.py3-none-any.whl", hash = "sha256:2d27e3784d7a565d36ab851fe94887c5eccd6a463168875832a1be79c82828b4"},
    {file = "attrs-21.4.0.tar.gz", hash = "sha256:626ba8234211db98e869df76230a137c4c40a12d72445c45d5f5b716f076e2fd"},
]
cattrs = [
    {file = "cattrs-22.1.0-py3-none-any.whl", hash = "sha256:d55c477b4672f93606e992049f15d526dc7867e6c756cd6256d4af92e2b1e364"},
    {file = "cattrs-22.1.0.tar.gz", hash = "sha256:94b67b64cf92c994f8784c40c082177dc916e0489a73a9a36b24eb18a9db40c6"},
]
cdktf = [
    {file = "cdktf-0.10.4-py3-none-any.whl", hash = "sha256:cb936b3901097ef4895efc0c2a537ca89316848e6cfe63d9a801e58639c69507"},
    {file = "cdktf-0.10.4.tar.gz", hash = "sha256:044eeececeac0cc4682275e54b6056a514480e0769e4dddad885102b3114f4eb"},
]
cdktf-cdktf-provider-aws = [
    {file = "cdktf-cdktf-provider-aws-7.0.56.tar.gz", hash = "sha256:4574ccae2517dc793b76378b31e8058a4b5b7d71701abf671eac37597f00dc29"},
    {file = "cdktf_cdktf_provider_aws-7.0.56-py3-none-any.whl", hash = "sha256:d13672aabf798e2210b3831bcd9cef6d61408645274bba92a78270c996ab7f06"},
]
cdktf-cdktf-provider-digitalocean = [
    {file = "cdktf-cdktf-provider-digitalocean-0.0.40.tar.gz", hash = "sha256:3ae689bd21abfec23a05318b5c4b2b3b98daa3bf508b1eaeef6278cda0494f00"},
    {file = "cdktf_cdktf_provider_digitalocean-0.0.40-py3-none-any.whl", hash = "sha256:f1b902d2f0229fb634c8fd300338160ab8f82eb80ffd3420468c2cc94ec26374"},
]
cdktf-cdktf-provider-null = [
    {file = "cdktf-cdktf-provider-null-0.6.55.tar.gz", hash = "sha256:7432ec0544c9fd6b188a6d822b3bdb67426f5d4a39c147da26819ca3c5b5fa19"},
    {file = "cdktf_cdktf_provider_null-0.6.55-py3-none-any.whl", hash = "sha256:ddfa0cd7c4d8f00d3c7cd7ace8fd205891abfd43a15fba383de409903e400aa4"},
]
constructs = [
    {file = "constructs-10.1.9-py3-none-any.whl", hash = "sha256:843b339fac67e3254f24f8c1fb09f994c8ddcf9040472d344fc36cba29b970fa"},
    {file = "constructs-10.1.9.tar.gz", hash = "sha256:ba4c2283e4383adffd8be3b346c884f2f5ec43959fa9bdd485e5c3e3be19b856"},
]
exceptiongroup = [
    {file = "exceptiongroup-1.0.0rc5-py3-none-any.whl", hash = "sha256:295a9d7847f9ad08267f47c701a676ec70a64200a360dd49eb513f72209b09f4"},
    {file = "exceptiongroup-1.0.0rc5.tar.gz", hash = "sha256:665422550b9653acd46e9cd35d933f28c5158ca4c058c53619cfa112915cd69e"},
]
jsii = [
    {file = "jsii-1.59.0-py3-none-any.whl", hash = "sha256:6a9f587cdc1b03129375f9faed876d864383d2b341471c1296a0040622fe938a"},
    {file = "jsii-1.59.0.tar.gz", hash = "sha256:d7ea32e1d6c8aa597be7ecf10eb0e05355db60e6ca986f82dab3fb5aa52d914f"},
]
publication = [
    {file = "publication-0.0.3-py2.py3-none-any.whl", hash = "sha256:0248885351febc11d8a1098d5c8e3ab2dabcf3e8c0c96db1e17ecd12b53afbe6"},
    {file = "publication-0.0.3.tar.gz", hash = "sha256:68416a0de76dddcdd2930d1c8ef853a743cc96c82416c4e4d3b5d901c6276dc4"},
]
python-dateutil = [
    {file = "python-dateutil-2.8.2.tar.gz", hash = "sha256:0123cacc1627ae19ddf3c27a5de5bd67ee4586fbdd6440d9748f8abb483d3e86"},
    {file = "python_dateutil-2.8.2-py2.py3-none-any.whl", hash = "sha256:961d03dc3453ebbc59dbdea9e4e11c5651520a876d0f4db161e8674aae935da9"},
]
six = [
    {file = "six-1.16.0-py2.py3-none-any.whl", hash = "sha256:8abb2f1d86890a2dfb989f9a77cfcfd3e47c2a354b01111771326f8aa26e0254"},
    {file = "six-1.16.0.tar.gz", hash = "sha256:1e61c37477a1626458e36f7b1d82aa5c9b094fa4802892072e49de9c60c4c926"},
]
typing-extensions = [
    {file = "typing_extensions-4.2.0-py3-none-any.whl", hash = "sha256:6657594ee297170d19f67d55c05852a874e7eb634f4f753dbd667855e07c1708"},
    {file = "typing_extensions-4.2.0.tar.gz", hash = "sha256:f1c24655a0da0d1b67f07e17a5e6b2a105894e6824b92096378bb3668ef02376"},
]
